
Microsoft Visual Studio Solution File, Format Version 12.00
# Visual Studio Version 17
VisualStudioVersion = 17.14.36603.0 d17.14
MinimumVisualStudioVersion = 10.0.40219.1
Project("{FAE04EC0-301F-11D3-BF4B-00C04F79EFBC}") = "GerenciadorDeConsultas", "GerenciadorDeConsultas\GerenciadorDeConsultas.csproj", "{9190F80C-0306-4C7D-9986-2B2A961826BE}"
EndProject
Global
	GlobalSection(SolutionConfigurationPlatforms) = preSolution
		Debug|Any CPU = Debug|Any CPU
		Release|Any CPU = Release|Any CPU
	EndGlobalSection
	GlobalSection(ProjectConfigurationPlatforms) = postSolution
		{9190F80C-0306-4C7D-9986-2B2A961826BE}.Debug|Any CPU.ActiveCfg = Debug|Any CPU
		{9190F80C-0306-4C7D-9986-2B2A961826BE}.Debug|Any CPU.Build.0 = Debug|Any CPU
		{9190F80C-0306-4C7D-9986-2B2A961826BE}.Release|Any CPU.ActiveCfg = Release|Any CPU
		{9190F80C-0306-4C7D-9986-2B2A961826BE}.Release|Any CPU.Build.0 = Release|Any CPU
	EndGlobalSection
	GlobalSection(SolutionProperties) = preSolution
		HideSolutionNode = FALSE
	EndGlobalSection
	GlobalSection(ExtensibilityGlobals) = postSolution
		SolutionGuid = {BE2E3204-2668-4907-832E-7F251E8DBAB5}
	EndGlobalSection
EndGlobal
